
Microsoft Visual Studio Solution File, Format Version 12.00
# Visual Studio Version 17
VisualStudioVersion = 17.11.35303.130
MinimumVisualStudioVersion = 10.0.40219.1
Project("{2150E333-8FDC-42A3-9474-1A3956D46DE8}") = "Task0", "Task0", "{0C835F58-27FE-42AA-9F16-89A844D1AFAC}"
EndProject
Project("{9A19103F-16F7-4668-BE54-9A1E7A4F7556}") = "Test", "Test\Test.csproj", "{431A4750-E4B0-44B4-A7ED-E22B145434FE}"
EndProject
Project("{9A19103F-16F7-4668-BE54-9A1E7A4F7556}") = "Tyuiu.AkhtarievaNR.Sprint5.Task0.V26", "Tyuiu.AkhtarievaNR.Sprint5.Task0.V26\Tyuiu.AkhtarievaNR.Sprint5.Task0.V26.csproj", "{BD064382-B8A6-4B1F-ABFE-4236BD76A461}"
EndProject
Project("{9A19103F-16F7-4668-BE54-9A1E7A4F7556}") = "Tyuiu.AkhtarievaNR.Sprint5.Task0.V26.Test", "Tyuiu.AkhtarievaNR.Sprint5.Task0.V26.Test\Tyuiu.AkhtarievaNR.Sprint5.Task0.V26.Test.csproj", "{6F4E0FC0-ED21-40E6-B1C4-65B0FD83A3F9}"
EndProject
Project("{9A19103F-16F7-4668-BE54-9A1E7A4F7556}") = "Tyuiu.AkhtarievaNR.Sprint5.Task0.V26.Lib", "Tyuiu.AkhtarievaNR.Sprint5.Task0.V26.Lib\Tyuiu.AkhtarievaNR.Sprint5.Task0.V26.Lib.csproj", "{3134F72D-B263-4939-93C8-8794A0265AA3}"
EndProject
Project("{2150E333-8FDC-42A3-9474-1A3956D46DE8}") = "Task1", "Task1", "{08A7BE36-2535-4F3C-8CF4-D7026C946A07}"
EndProject
Project("{9A19103F-16F7-4668-BE54-9A1E7A4F7556}") = "Tyuiu.AkhtarievaNR.Sprint5.Task1.V5", "Tyuiu.AkhtarievaNR.Sprint5.Task1.V5\Tyuiu.AkhtarievaNR.Sprint5.Task1.V5.csproj", "{7E552833-F4ED-4C52-9734-58B986C128A4}"
EndProject
Project("{9A19103F-16F7-4668-BE54-9A1E7A4F7556}") = "Tyuiu.AkhtarievaNR.Sprint5.Task1.V5.Lib", "Tyuiu.AkhtarievaNR.Sprint5.Task1.V5.Lib\Tyuiu.AkhtarievaNR.Sprint5.Task1.V5.Lib.csproj", "{48358FA1-C673-4FEC-B654-0EC95E1FDBD5}"
EndProject
Project("{9A19103F-16F7-4668-BE54-9A1E7A4F7556}") = "Tyuiu.AkhtarievaNR.Sprint5.Task1.V5.Test", "Tyuiu.AkhtarievaNR.Sprint5.Task1.V5.Test\Tyuiu.AkhtarievaNR.Sprint5.Task1.V5.Test.csproj", "{5DB06E93-66B6-4DB6-90CC-5862A1E856E6}"
EndProject
Project("{2150E333-8FDC-42A3-9474-1A3956D46DE8}") = "Task2", "Task2", "{906D3645-98FE-4C75-96C2-B43F22DAEB3E}"
EndProject
Project("{9A19103F-16F7-4668-BE54-9A1E7A4F7556}") = "Tyuiu.AkhtarievaNR.Sprint5.Task2.V21", "Tyuiu.AkhtarievaNR.Sprint5.Task2.V21\Tyuiu.AkhtarievaNR.Sprint5.Task2.V21.csproj", "{3261605E-B1E9-47B4-B988-EE7A50F08598}"
EndProject
Project("{9A19103F-16F7-4668-BE54-9A1E7A4F7556}") = "Tyuiu.AkhtarievaNR.Sprint5.Task2.V21.Lib", "Tyuiu.AkhtarievaNR.Sprint5.Task2.V21.Lib\Tyuiu.AkhtarievaNR.Sprint5.Task2.V21.Lib.csproj", "{E2E3E4F4-2C25-4383-AD98-5B93FBD6154E}"
EndProject
Project("{9A19103F-16F7-4668-BE54-9A1E7A4F7556}") = "Tyuiu.AkhtarievaNR.Sprint5.Task2.V21.Test", "Tyuiu.AkhtarievaNR.Sprint5.Task2.V21.Test\Tyuiu.AkhtarievaNR.Sprint5.Task2.V21.Test.csproj", "{9C6EB8CA-B1BD-44BA-8D67-229DF4C9777F}"
EndProject
Project("{2150E333-8FDC-42A3-9474-1A3956D46DE8}") = "Task3", "Task3", "{24C8A0E2-D48C-480F-A5F6-8EBED1E74536}"
EndProject
Project("{FAE04EC0-301F-11D3-BF4B-00C04F79EFBC}") = "Tyuiu.AkhtarievaNR.Sprint5.Task3.V2", "Tyuiu.AkhtarievaNR.Sprint5.Task3.V2\Tyuiu.AkhtarievaNR.Sprint5.Task3.V2.csproj", "{CA01D8AD-13E4-4F9C-812F-FC904C827FEA}"
EndProject
Project("{FAE04EC0-301F-11D3-BF4B-00C04F79EFBC}") = "Tyuiu.AkhtarievaNR.Sprint5.Task3.V2.Lib", "Tyuiu.AkhtarievaNR.Sprint5.Task3.V2.Lib\Tyuiu.AkhtarievaNR.Sprint5.Task3.V2.Lib.csproj", "{79598261-00D2-4F45-B5EF-B8047671D034}"
EndProject
Project("{FAE04EC0-301F-11D3-BF4B-00C04F79EFBC}") = "Tyuiu.AkhtarievaNR.Sprint5.Task3.V2.Test", "Tyuiu.AkhtarievaNR.Sprint5.Task3.V2.Test\Tyuiu.AkhtarievaNR.Sprint5.Task3.V2.Test.csproj", "{F85A8FC8-6D3C-4D87-BD41-724B1609C6D8}"
EndProject
Project("{2150E333-8FDC-42A3-9474-1A3956D46DE8}") = "Task4", "Task4", "{08B6CD59-698F-4E01-A52D-7D58653E4B67}"
EndProject
Project("{FAE04EC0-301F-11D3-BF4B-00C04F79EFBC}") = "Tyuiu.AkhtarievaNR.Sprint5.Task4.V14", "Tyuiu.AkhtarievaNR.Sprint5.Task4.V14\Tyuiu.AkhtarievaNR.Sprint5.Task4.V14.csproj", "{CCE491FC-E36A-45DB-9CCC-9267EB0230C9}"
EndProject
Project("{FAE04EC0-301F-11D3-BF4B-00C04F79EFBC}") = "Tyuiu.AkhtarievaNR.Sprint5.Task4.V14.Lib", "Tyuiu.AkhtarievaNR.Sprint5.Task4.V14.Lib\Tyuiu.AkhtarievaNR.Sprint5.Task4.V14.Lib.csproj", "{0CF40251-27CD-4628-9653-5DB1266A0B0F}"
EndProject
Project("{FAE04EC0-301F-11D3-BF4B-00C04F79EFBC}") = "Tyuiu.AkhtarievaNR.Sprint5.Task4.V14.Test", "Tyuiu.AkhtarievaNR.Sprint5.Task4.V14.Test\Tyuiu.AkhtarievaNR.Sprint5.Task4.V14.Test.csproj", "{16047D2F-A528-494F-AB2E-8BF47874DECB}"
EndProject
Project("{2150E333-8FDC-42A3-9474-1A3956D46DE8}") = "Task5", "Task5", "{B9716FF5-6F87-469D-BD24-408C064CC034}"
EndProject
Project("{FAE04EC0-301F-11D3-BF4B-00C04F79EFBC}") = "Tyuiu.AkhtarievaNR.Sprint5.Task5.V10", "Tyuiu.AkhtarievaNR.Sprint5.Task5.V10\Tyuiu.AkhtarievaNR.Sprint5.Task5.V10.csproj", "{4466BC0E-8A93-4272-89C2-0FF17F5C1528}"
EndProject
Project("{FAE04EC0-301F-11D3-BF4B-00C04F79EFBC}") = "Tyuiu.AkhtarievaNR.Sprint5.Task5.V10.Lib", "Tyuiu.AkhtarievaNR.Sprint5.Task5.V10.Lib\Tyuiu.AkhtarievaNR.Sprint5.Task5.V10.Lib.csproj", "{572A8142-A27B-4864-80C2-F1BB2C0DA665}"
EndProject
Project("{FAE04EC0-301F-11D3-BF4B-00C04F79EFBC}") = "Tyuiu.AkhtarievaNR.Sprint5.Task5.V10.Test", "Tyuiu.AkhtarievaNR.Sprint5.Task5.V10.Test\Tyuiu.AkhtarievaNR.Sprint5.Task5.V10.Test.csproj", "{99A45725-A933-47D3-8722-56A5A71DB3B9}"
EndProject
Project("{2150E333-8FDC-42A3-9474-1A3956D46DE8}") = "Task6", "Task6", "{5B1BF0CD-8FA9-486A-B60D-AB0554E92FE1}"
EndProject
Project("{FAE04EC0-301F-11D3-BF4B-00C04F79EFBC}") = "Tyuiu.AkhtarievaNR.Sprint5.Task6.V11", "Tyuiu.AkhtarievaNR.Sprint5.Task6.V11\Tyuiu.AkhtarievaNR.Sprint5.Task6.V11.csproj", "{05EE859F-9956-43BF-809A-5D2F28C8D7CF}"
EndProject
Project("{FAE04EC0-301F-11D3-BF4B-00C04F79EFBC}") = "Tyuiu.AkhtarievaNR.Sprint5.Task6.V11.Lib", "Tyuiu.AkhtarievaNR.Sprint5.Task6.V11.Lib\Tyuiu.AkhtarievaNR.Sprint5.Task6.V11.Lib.csproj", "{BF739D18-80C6-4C16-9F39-A001F58FE34D}"
EndProject
Project("{FAE04EC0-301F-11D3-BF4B-00C04F79EFBC}") = "Tyuiu.AkhtarievaNR.Sprint5.Task6.V11.Test", "Tyuiu.AkhtarievaNR.Sprint5.Task6.V11.Test\Tyuiu.AkhtarievaNR.Sprint5.Task6.V11.Test.csproj", "{B7C6E1C8-764D-4002-886E-997131E63447}"
EndProject
Project("{2150E333-8FDC-42A3-9474-1A3956D46DE8}") = "Task7", "Task7", "{C25949F4-1934-4E05-A22E-077648C22D21}"
EndProject
Project("{FAE04EC0-301F-11D3-BF4B-00C04F79EFBC}") = "Tyuiu.AkhtarievaNR.Sprint5.Task7.V14", "Tyuiu.AkhtarievaNR.Sprint5.Task7.V14\Tyuiu.AkhtarievaNR.Sprint5.Task7.V14.csproj", "{728ED240-3E2F-4810-AE55-EE477D8971C7}"
EndProject
Project("{FAE04EC0-301F-11D3-BF4B-00C04F79EFBC}") = "Tyuiu.AkhtarievaNR.Sprint5.Task7.V14.Lib", "Tyuiu.AkhtarievaNR.Sprint5.Task7.V14.Lib\Tyuiu.AkhtarievaNR.Sprint5.Task7.V14.Lib.csproj", "{FA5618CD-6D0B-482B-A0D2-11A0A015C1A8}"
EndProject
Project("{FAE04EC0-301F-11D3-BF4B-00C04F79EFBC}") = "Tyuiu.AkhtarievaNR.Sprint5.Task7.V14.Test", "Tyuiu.AkhtarievaNR.Sprint5.Task7.V14.Test\Tyuiu.AkhtarievaNR.Sprint5.Task7.V14.Test.csproj", "{0FAD9CC1-E09D-4CDA-B193-26FB5D470076}"
EndProject
Global
	GlobalSection(SolutionConfigurationPlatforms) = preSolution
		Debug|Any CPU = Debug|Any CPU
		Release|Any CPU = Release|Any CPU
	EndGlobalSection
	GlobalSection(ProjectConfigurationPlatforms) = postSolution
		{431A4750-E4B0-44B4-A7ED-E22B145434FE}.Debug|Any CPU.ActiveCfg = Debug|Any CPU
		{431A4750-E4B0-44B4-A7ED-E22B145434FE}.Debug|Any CPU.Build.0 = Debug|Any CPU
		{431A4750-E4B0-44B4-A7ED-E22B145434FE}.Release|Any CPU.ActiveCfg = Release|Any CPU
		{431A4750-E4B0-44B4-A7ED-E22B145434FE}.Release|Any CPU.Build.0 = Release|Any CPU
		{BD064382-B8A6-4B1F-ABFE-4236BD76A461}.Debug|Any CPU.ActiveCfg = Debug|Any CPU
		{BD064382-B8A6-4B1F-ABFE-4236BD76A461}.Debug|Any CPU.Build.0 = Debug|Any CPU
		{BD064382-B8A6-4B1F-ABFE-4236BD76A461}.Release|Any CPU.ActiveCfg = Release|Any CPU
		{BD064382-B8A6-4B1F-ABFE-4236BD76A461}.Release|Any CPU.Build.0 = Release|Any CPU
		{6F4E0FC0-ED21-40E6-B1C4-65B0FD83A3F9}.Debug|Any CPU.ActiveCfg = Debug|Any CPU
		{6F4E0FC0-ED21-40E6-B1C4-65B0FD83A3F9}.Debug|Any CPU.Build.0 = Debug|Any CPU
		{6F4E0FC0-ED21-40E6-B1C4-65B0FD83A3F9}.Release|Any CPU.ActiveCfg = Release|Any CPU
		{6F4E0FC0-ED21-40E6-B1C4-65B0FD83A3F9}.Release|Any CPU.Build.0 = Release|Any CPU
		{3134F72D-B263-4939-93C8-8794A0265AA3}.Debug|Any CPU.ActiveCfg = Debug|Any CPU
		{3134F72D-B263-4939-93C8-8794A0265AA3}.Debug|Any CPU.Build.0 = Debug|Any CPU
		{3134F72D-B263-4939-93C8-8794A0265AA3}.Release|Any CPU.ActiveCfg = Release|Any CPU
		{3134F72D-B263-4939-93C8-8794A0265AA3}.Release|Any CPU.Build.0 = Release|Any CPU
		{7E552833-F4ED-4C52-9734-58B986C128A4}.Debug|Any CPU.ActiveCfg = Debug|Any CPU
		{7E552833-F4ED-4C52-9734-58B986C128A4}.Debug|Any CPU.Build.0 = Debug|Any CPU
		{7E552833-F4ED-4C52-9734-58B986C128A4}.Release|Any CPU.ActiveCfg = Release|Any CPU
		{7E552833-F4ED-4C52-9734-58B986C128A4}.Release|Any CPU.Build.0 = Release|Any CPU
		{48358FA1-C673-4FEC-B654-0EC95E1FDBD5}.Debug|Any CPU.ActiveCfg = Debug|Any CPU
		{48358FA1-C673-4FEC-B654-0EC95E1FDBD5}.Debug|Any CPU.Build.0 = Debug|Any CPU
		{48358FA1-C673-4FEC-B654-0EC95E1FDBD5}.Release|Any CPU.ActiveCfg = Release|Any CPU
		{48358FA1-C673-4FEC-B654-0EC95E1FDBD5}.Release|Any CPU.Build.0 = Release|Any CPU
		{5DB06E93-66B6-4DB6-90CC-5862A1E856E6}.Debug|Any CPU.ActiveCfg = Debug|Any CPU
		{5DB06E93-66B6-4DB6-90CC-5862A1E856E6}.Debug|Any CPU.Build.0 = Debug|Any CPU
		{5DB06E93-66B6-4DB6-90CC-5862A1E856E6}.Release|Any CPU.ActiveCfg = Release|Any CPU
		{5DB06E93-66B6-4DB6-90CC-5862A1E856E6}.Release|Any CPU.Build.0 = Release|Any CPU
		{3261605E-B1E9-47B4-B988-EE7A50F08598}.Debug|Any CPU.ActiveCfg = Debug|Any CPU
		{3261605E-B1E9-47B4-B988-EE7A50F08598}.Debug|Any CPU.Build.0 = Debug|Any CPU
		{3261605E-B1E9-47B4-B988-EE7A50F08598}.Release|Any CPU.ActiveCfg = Release|Any CPU
		{3261605E-B1E9-47B4-B988-EE7A50F08598}.Release|Any CPU.Build.0 = Release|Any CPU
		{E2E3E4F4-2C25-4383-AD98-5B93FBD6154E}.Debug|Any CPU.ActiveCfg = Debug|Any CPU
		{E2E3E4F4-2C25-4383-AD98-5B93FBD6154E}.Debug|Any CPU.Build.0 = Debug|Any CPU
		{E2E3E4F4-2C25-4383-AD98-5B93FBD6154E}.Release|Any CPU.ActiveCfg = Release|Any CPU
		{E2E3E4F4-2C25-4383-AD98-5B93FBD6154E}.Release|Any CPU.Build.0 = Release|Any CPU
		{9C6EB8CA-B1BD-44BA-8D67-229DF4C9777F}.Debug|Any CPU.ActiveCfg = Debug|Any CPU
		{9C6EB8CA-B1BD-44BA-8D67-229DF4C9777F}.Debug|Any CPU.Build.0 = Debug|Any CPU
		{9C6EB8CA-B1BD-44BA-8D67-229DF4C9777F}.Release|Any CPU.ActiveCfg = Release|Any CPU
		{9C6EB8CA-B1BD-44BA-8D67-229DF4C9777F}.Release|Any CPU.Build.0 = Release|Any CPU
		{CA01D8AD-13E4-4F9C-812F-FC904C827FEA}.Debug|Any CPU.ActiveCfg = Debug|Any CPU
		{CA01D8AD-13E4-4F9C-812F-FC904C827FEA}.Debug|Any CPU.Build.0 = Debug|Any CPU
		{CA01D8AD-13E4-4F9C-812F-FC904C827FEA}.Release|Any CPU.ActiveCfg = Release|Any CPU
		{CA01D8AD-13E4-4F9C-812F-FC904C827FEA}.Release|Any CPU.Build.0 = Release|Any CPU
		{79598261-00D2-4F45-B5EF-B8047671D034}.Debug|Any CPU.ActiveCfg = Debug|Any CPU
		{79598261-00D2-4F45-B5EF-B8047671D034}.Debug|Any CPU.Build.0 = Debug|Any CPU
		{79598261-00D2-4F45-B5EF-B8047671D034}.Release|Any CPU.ActiveCfg = Release|Any CPU
		{79598261-00D2-4F45-B5EF-B8047671D034}.Release|Any CPU.Build.0 = Release|Any CPU
		{F85A8FC8-6D3C-4D87-BD41-724B1609C6D8}.Debug|Any CPU.ActiveCfg = Debug|Any CPU
		{F85A8FC8-6D3C-4D87-BD41-724B1609C6D8}.Debug|Any CPU.Build.0 = Debug|Any CPU
		{F85A8FC8-6D3C-4D87-BD41-724B1609C6D8}.Release|Any CPU.ActiveCfg = Release|Any CPU
		{F85A8FC8-6D3C-4D87-BD41-724B1609C6D8}.Release|Any CPU.Build.0 = Release|Any CPU
		{CCE491FC-E36A-45DB-9CCC-9267EB0230C9}.Debug|Any CPU.ActiveCfg = Debug|Any CPU
		{CCE491FC-E36A-45DB-9CCC-9267EB0230C9}.Debug|Any CPU.Build.0 = Debug|Any CPU
		{CCE491FC-E36A-45DB-9CCC-9267EB0230C9}.Release|Any CPU.ActiveCfg = Release|Any CPU
		{CCE491FC-E36A-45DB-9CCC-9267EB0230C9}.Release|Any CPU.Build.0 = Release|Any CPU
		{0CF40251-27CD-4628-9653-5DB1266A0B0F}.Debug|Any CPU.ActiveCfg = Debug|Any CPU
		{0CF40251-27CD-4628-9653-5DB1266A0B0F}.Debug|Any CPU.Build.0 = Debug|Any CPU
		{0CF40251-27CD-4628-9653-5DB1266A0B0F}.Release|Any CPU.ActiveCfg = Release|Any CPU
		{0CF40251-27CD-4628-9653-5DB1266A0B0F}.Release|Any CPU.Build.0 = Release|Any CPU
		{16047D2F-A528-494F-AB2E-8BF47874DECB}.Debug|Any CPU.ActiveCfg = Debug|Any CPU
		{16047D2F-A528-494F-AB2E-8BF47874DECB}.Debug|Any CPU.Build.0 = Debug|Any CPU
		{16047D2F-A528-494F-AB2E-8BF47874DECB}.Release|Any CPU.ActiveCfg = Release|Any CPU
		{16047D2F-A528-494F-AB2E-8BF47874DECB}.Release|Any CPU.Build.0 = Release|Any CPU
		{4466BC0E-8A93-4272-89C2-0FF17F5C1528}.Debug|Any CPU.ActiveCfg = Debug|Any CPU
		{4466BC0E-8A93-4272-89C2-0FF17F5C1528}.Debug|Any CPU.Build.0 = Debug|Any CPU
		{4466BC0E-8A93-4272-89C2-0FF17F5C1528}.Release|Any CPU.ActiveCfg = Release|Any CPU
		{4466BC0E-8A93-4272-89C2-0FF17F5C1528}.Release|Any CPU.Build.0 = Release|Any CPU
		{572A8142-A27B-4864-80C2-F1BB2C0DA665}.Debug|Any CPU.ActiveCfg = Debug|Any CPU
		{572A8142-A27B-4864-80C2-F1BB2C0DA665}.Debug|Any CPU.Build.0 = Debug|Any CPU
		{572A8142-A27B-4864-80C2-F1BB2C0DA665}.Release|Any CPU.ActiveCfg = Release|Any CPU
		{572A8142-A27B-4864-80C2-F1BB2C0DA665}.Release|Any CPU.Build.0 = Release|Any CPU
		{99A45725-A933-47D3-8722-56A5A71DB3B9}.Debug|Any CPU.ActiveCfg = Debug|Any CPU
		{99A45725-A933-47D3-8722-56A5A71DB3B9}.Debug|Any CPU.Build.0 = Debug|Any CPU
		{99A45725-A933-47D3-8722-56A5A71DB3B9}.Release|Any CPU.ActiveCfg = Release|Any CPU
		{99A45725-A933-47D3-8722-56A5A71DB3B9}.Release|Any CPU.Build.0 = Release|Any CPU
		{05EE859F-9956-43BF-809A-5D2F28C8D7CF}.Debug|Any CPU.ActiveCfg = Debug|Any CPU
		{05EE859F-9956-43BF-809A-5D2F28C8D7CF}.Debug|Any CPU.Build.0 = Debug|Any CPU
		{05EE859F-9956-43BF-809A-5D2F28C8D7CF}.Release|Any CPU.ActiveCfg = Release|Any CPU
		{05EE859F-9956-43BF-809A-5D2F28C8D7CF}.Release|Any CPU.Build.0 = Release|Any CPU
		{BF739D18-80C6-4C16-9F39-A001F58FE34D}.Debug|Any CPU.ActiveCfg = Debug|Any CPU
		{BF739D18-80C6-4C16-9F39-A001F58FE34D}.Debug|Any CPU.Build.0 = Debug|Any CPU
		{BF739D18-80C6-4C16-9F39-A001F58FE34D}.Release|Any CPU.ActiveCfg = Release|Any CPU
		{BF739D18-80C6-4C16-9F39-A001F58FE34D}.Release|Any CPU.Build.0 = Release|Any CPU
		{B7C6E1C8-764D-4002-886E-997131E63447}.Debug|Any CPU.ActiveCfg = Debug|Any CPU
		{B7C6E1C8-764D-4002-886E-997131E63447}.Debug|Any CPU.Build.0 = Debug|Any CPU
		{B7C6E1C8-764D-4002-886E-997131E63447}.Release|Any CPU.ActiveCfg = Release|Any CPU
		{B7C6E1C8-764D-4002-886E-997131E63447}.Release|Any CPU.Build.0 = Release|Any CPU
		{728ED240-3E2F-4810-AE55-EE477D8971C7}.Debug|Any CPU.ActiveCfg = Debug|Any CPU
		{728ED240-3E2F-4810-AE55-EE477D8971C7}.Debug|Any CPU.Build.0 = Debug|Any CPU
		{728ED240-3E2F-4810-AE55-EE477D8971C7}.Release|Any CPU.ActiveCfg = Release|Any CPU
		{728ED240-3E2F-4810-AE55-EE477D8971C7}.Release|Any CPU.Build.0 = Release|Any CPU
		{FA5618CD-6D0B-482B-A0D2-11A0A015C1A8}.Debug|Any CPU.ActiveCfg = Debug|Any CPU
		{FA5618CD-6D0B-482B-A0D2-11A0A015C1A8}.Debug|Any CPU.Build.0 = Debug|Any CPU
		{FA5618CD-6D0B-482B-A0D2-11A0A015C1A8}.Release|Any CPU.ActiveCfg = Release|Any CPU
		{FA5618CD-6D0B-482B-A0D2-11A0A015C1A8}.Release|Any CPU.Build.0 = Release|Any CPU
		{0FAD9CC1-E09D-4CDA-B193-26FB5D470076}.Debug|Any CPU.ActiveCfg = Debug|Any CPU
		{0FAD9CC1-E09D-4CDA-B193-26FB5D470076}.Debug|Any CPU.Build.0 = Debug|Any CPU
		{0FAD9CC1-E09D-4CDA-B193-26FB5D470076}.Release|Any CPU.ActiveCfg = Release|Any CPU
		{0FAD9CC1-E09D-4CDA-B193-26FB5D470076}.Release|Any CPU.Build.0 = Release|Any CPU
	EndGlobalSection
	GlobalSection(SolutionProperties) = preSolution
		HideSolutionNode = FALSE
	EndGlobalSection
	GlobalSection(NestedProjects) = preSolution
		{BD064382-B8A6-4B1F-ABFE-4236BD76A461} = {0C835F58-27FE-42AA-9F16-89A844D1AFAC}
		{6F4E0FC0-ED21-40E6-B1C4-65B0FD83A3F9} = {0C835F58-27FE-42AA-9F16-89A844D1AFAC}
		{3134F72D-B263-4939-93C8-8794A0265AA3} = {0C835F58-27FE-42AA-9F16-89A844D1AFAC}
		{7E552833-F4ED-4C52-9734-58B986C128A4} = {08A7BE36-2535-4F3C-8CF4-D7026C946A07}
		{48358FA1-C673-4FEC-B654-0EC95E1FDBD5} = {08A7BE36-2535-4F3C-8CF4-D7026C946A07}
		{5DB06E93-66B6-4DB6-90CC-5862A1E856E6} = {08A7BE36-2535-4F3C-8CF4-D7026C946A07}
		{3261605E-B1E9-47B4-B988-EE7A50F08598} = {906D3645-98FE-4C75-96C2-B43F22DAEB3E}
		{E2E3E4F4-2C25-4383-AD98-5B93FBD6154E} = {906D3645-98FE-4C75-96C2-B43F22DAEB3E}
		{9C6EB8CA-B1BD-44BA-8D67-229DF4C9777F} = {906D3645-98FE-4C75-96C2-B43F22DAEB3E}
		{CA01D8AD-13E4-4F9C-812F-FC904C827FEA} = {24C8A0E2-D48C-480F-A5F6-8EBED1E74536}
		{79598261-00D2-4F45-B5EF-B8047671D034} = {24C8A0E2-D48C-480F-A5F6-8EBED1E74536}
		{F85A8FC8-6D3C-4D87-BD41-724B1609C6D8} = {24C8A0E2-D48C-480F-A5F6-8EBED1E74536}
		{CCE491FC-E36A-45DB-9CCC-9267EB0230C9} = {08B6CD59-698F-4E01-A52D-7D58653E4B67}
		{0CF40251-27CD-4628-9653-5DB1266A0B0F} = {08B6CD59-698F-4E01-A52D-7D58653E4B67}
		{16047D2F-A528-494F-AB2E-8BF47874DECB} = {08B6CD59-698F-4E01-A52D-7D58653E4B67}
		{4466BC0E-8A93-4272-89C2-0FF17F5C1528} = {B9716FF5-6F87-469D-BD24-408C064CC034}
		{572A8142-A27B-4864-80C2-F1BB2C0DA665} = {B9716FF5-6F87-469D-BD24-408C064CC034}
		{99A45725-A933-47D3-8722-56A5A71DB3B9} = {B9716FF5-6F87-469D-BD24-408C064CC034}
		{05EE859F-9956-43BF-809A-5D2F28C8D7CF} = {5B1BF0CD-8FA9-486A-B60D-AB0554E92FE1}
		{BF739D18-80C6-4C16-9F39-A001F58FE34D} = {5B1BF0CD-8FA9-486A-B60D-AB0554E92FE1}
		{B7C6E1C8-764D-4002-886E-997131E63447} = {5B1BF0CD-8FA9-486A-B60D-AB0554E92FE1}
		{728ED240-3E2F-4810-AE55-EE477D8971C7} = {C25949F4-1934-4E05-A22E-077648C22D21}
		{FA5618CD-6D0B-482B-A0D2-11A0A015C1A8} = {C25949F4-1934-4E05-A22E-077648C22D21}
		{0FAD9CC1-E09D-4CDA-B193-26FB5D470076} = {C25949F4-1934-4E05-A22E-077648C22D21}
	EndGlobalSection
	GlobalSection(ExtensibilityGlobals) = postSolution
		SolutionGuid = {C1B75DA5-881C-442E-8FAF-4743C81E2F51}
	EndGlobalSection
EndGlobal
