
Microsoft Visual Studio Solution File, Format Version 12.00
# Visual Studio Version 17
VisualStudioVersion = 17.11.35303.130
MinimumVisualStudioVersion = 10.0.40219.1
Project("{2150E333-8FDC-42A3-9474-1A3956D46DE8}") = "Task0", "Task0", "{0C835F58-27FE-42AA-9F16-89A844D1AFAC}"
EndProject
Project("{9A19103F-16F7-4668-BE54-9A1E7A4F7556}") = "Test", "Test\Test.csproj", "{431A4750-E4B0-44B4-A7ED-E22B145434FE}"
EndProject
Project("{FAE04EC0-301F-11D3-BF4B-00C04F79EFBC}") = "Tyuiu.AkhtarievaNR.Sprint5.Task0.V26", "Tyuiu.AkhtarievaNR.Sprint5.Task0.V26\Tyuiu.AkhtarievaNR.Sprint5.Task0.V26.csproj", "{BD064382-B8A6-4B1F-ABFE-4236BD76A461}"
EndProject
Project("{FAE04EC0-301F-11D3-BF4B-00C04F79EFBC}") = "Tyuiu.AkhtarievaNR.Sprint5.Task0.V26.Test", "Tyuiu.AkhtarievaNR.Sprint5.Task0.V26.Test\Tyuiu.AkhtarievaNR.Sprint5.Task0.V26.Test.csproj", "{6F4E0FC0-ED21-40E6-B1C4-65B0FD83A3F9}"
EndProject
Project("{FAE04EC0-301F-11D3-BF4B-00C04F79EFBC}") = "Tyuiu.AkhtarievaNR.Sprint5.Task0.V26.Lib", "Tyuiu.AkhtarievaNR.Sprint5.Task0.V26.Lib\Tyuiu.AkhtarievaNR.Sprint5.Task0.V26.Lib.csproj", "{3134F72D-B263-4939-93C8-8794A0265AA3}"
EndProject
Project("{2150E333-8FDC-42A3-9474-1A3956D46DE8}") = "Task1", "Task1", "{08A7BE36-2535-4F3C-8CF4-D7026C946A07}"
EndProject
Project("{FAE04EC0-301F-11D3-BF4B-00C04F79EFBC}") = "Tyuiu.AkhtarievaNR.Sprint5.Task1.V5", "Tyuiu.AkhtarievaNR.Sprint5.Task1.V5\Tyuiu.AkhtarievaNR.Sprint5.Task1.V5.csproj", "{7E552833-F4ED-4C52-9734-58B986C128A4}"
EndProject
Project("{FAE04EC0-301F-11D3-BF4B-00C04F79EFBC}") = "Tyuiu.AkhtarievaNR.Sprint5.Task1.V5.Lib", "Tyuiu.AkhtarievaNR.Sprint5.Task1.V5.Lib\Tyuiu.AkhtarievaNR.Sprint5.Task1.V5.Lib.csproj", "{48358FA1-C673-4FEC-B654-0EC95E1FDBD5}"
EndProject
Project("{FAE04EC0-301F-11D3-BF4B-00C04F79EFBC}") = "Tyuiu.AkhtarievaNR.Sprint5.Task1.V5.Test", "Tyuiu.AkhtarievaNR.Sprint5.Task1.V5.Test\Tyuiu.AkhtarievaNR.Sprint5.Task1.V5.Test.csproj", "{5DB06E93-66B6-4DB6-90CC-5862A1E856E6}"
EndProject
Project("{2150E333-8FDC-42A3-9474-1A3956D46DE8}") = "Task2", "Task2", "{906D3645-98FE-4C75-96C2-B43F22DAEB3E}"
EndProject
Project("{FAE04EC0-301F-11D3-BF4B-00C04F79EFBC}") = "Tyuiu.AkhtarievaNR.Sprint5.Task2.V21", "Tyuiu.AkhtarievaNR.Sprint5.Task2.V21\Tyuiu.AkhtarievaNR.Sprint5.Task2.V21.csproj", "{3261605E-B1E9-47B4-B988-EE7A50F08598}"
EndProject
Project("{FAE04EC0-301F-11D3-BF4B-00C04F79EFBC}") = "Tyuiu.AkhtarievaNR.Sprint5.Task2.V21.Lib", "Tyuiu.AkhtarievaNR.Sprint5.Task2.V21.Lib\Tyuiu.AkhtarievaNR.Sprint5.Task2.V21.Lib.csproj", "{E2E3E4F4-2C25-4383-AD98-5B93FBD6154E}"
EndProject
Project("{FAE04EC0-301F-11D3-BF4B-00C04F79EFBC}") = "Tyuiu.AkhtarievaNR.Sprint5.Task2.V21.Test", "Tyuiu.AkhtarievaNR.Sprint5.Task2.V21.Test\Tyuiu.AkhtarievaNR.Sprint5.Task2.V21.Test.csproj", "{9C6EB8CA-B1BD-44BA-8D67-229DF4C9777F}"
EndProject
Global
	GlobalSection(SolutionConfigurationPlatforms) = preSolution
		Debug|Any CPU = Debug|Any CPU
		Release|Any CPU = Release|Any CPU
	EndGlobalSection
	GlobalSection(ProjectConfigurationPlatforms) = postSolution
		{431A4750-E4B0-44B4-A7ED-E22B145434FE}.Debug|Any CPU.ActiveCfg = Debug|Any CPU
		{431A4750-E4B0-44B4-A7ED-E22B145434FE}.Debug|Any CPU.Build.0 = Debug|Any CPU
		{431A4750-E4B0-44B4-A7ED-E22B145434FE}.Release|Any CPU.ActiveCfg = Release|Any CPU
		{431A4750-E4B0-44B4-A7ED-E22B145434FE}.Release|Any CPU.Build.0 = Release|Any CPU
		{BD064382-B8A6-4B1F-ABFE-4236BD76A461}.Debug|Any CPU.ActiveCfg = Debug|Any CPU
		{BD064382-B8A6-4B1F-ABFE-4236BD76A461}.Debug|Any CPU.Build.0 = Debug|Any CPU
		{BD064382-B8A6-4B1F-ABFE-4236BD76A461}.Release|Any CPU.ActiveCfg = Release|Any CPU
		{BD064382-B8A6-4B1F-ABFE-4236BD76A461}.Release|Any CPU.Build.0 = Release|Any CPU
		{6F4E0FC0-ED21-40E6-B1C4-65B0FD83A3F9}.Debug|Any CPU.ActiveCfg = Debug|Any CPU
		{6F4E0FC0-ED21-40E6-B1C4-65B0FD83A3F9}.Debug|Any CPU.Build.0 = Debug|Any CPU
		{6F4E0FC0-ED21-40E6-B1C4-65B0FD83A3F9}.Release|Any CPU.ActiveCfg = Release|Any CPU
		{6F4E0FC0-ED21-40E6-B1C4-65B0FD83A3F9}.Release|Any CPU.Build.0 = Release|Any CPU
		{3134F72D-B263-4939-93C8-8794A0265AA3}.Debug|Any CPU.ActiveCfg = Debug|Any CPU
		{3134F72D-B263-4939-93C8-8794A0265AA3}.Debug|Any CPU.Build.0 = Debug|Any CPU
		{3134F72D-B263-4939-93C8-8794A0265AA3}.Release|Any CPU.ActiveCfg = Release|Any CPU
		{3134F72D-B263-4939-93C8-8794A0265AA3}.Release|Any CPU.Build.0 = Release|Any CPU
		{7E552833-F4ED-4C52-9734-58B986C128A4}.Debug|Any CPU.ActiveCfg = Debug|Any CPU
		{7E552833-F4ED-4C52-9734-58B986C128A4}.Debug|Any CPU.Build.0 = Debug|Any CPU
		{7E552833-F4ED-4C52-9734-58B986C128A4}.Release|Any CPU.ActiveCfg = Release|Any CPU
		{7E552833-F4ED-4C52-9734-58B986C128A4}.Release|Any CPU.Build.0 = Release|Any CPU
		{48358FA1-C673-4FEC-B654-0EC95E1FDBD5}.Debug|Any CPU.ActiveCfg = Debug|Any CPU
		{48358FA1-C673-4FEC-B654-0EC95E1FDBD5}.Debug|Any CPU.Build.0 = Debug|Any CPU
		{48358FA1-C673-4FEC-B654-0EC95E1FDBD5}.Release|Any CPU.ActiveCfg = Release|Any CPU
		{48358FA1-C673-4FEC-B654-0EC95E1FDBD5}.Release|Any CPU.Build.0 = Release|Any CPU
		{5DB06E93-66B6-4DB6-90CC-5862A1E856E6}.Debug|Any CPU.ActiveCfg = Debug|Any CPU
		{5DB06E93-66B6-4DB6-90CC-5862A1E856E6}.Debug|Any CPU.Build.0 = Debug|Any CPU
		{5DB06E93-66B6-4DB6-90CC-5862A1E856E6}.Release|Any CPU.ActiveCfg = Release|Any CPU
		{5DB06E93-66B6-4DB6-90CC-5862A1E856E6}.Release|Any CPU.Build.0 = Release|Any CPU
		{3261605E-B1E9-47B4-B988-EE7A50F08598}.Debug|Any CPU.ActiveCfg = Debug|Any CPU
		{3261605E-B1E9-47B4-B988-EE7A50F08598}.Debug|Any CPU.Build.0 = Debug|Any CPU
		{3261605E-B1E9-47B4-B988-EE7A50F08598}.Release|Any CPU.ActiveCfg = Release|Any CPU
		{3261605E-B1E9-47B4-B988-EE7A50F08598}.Release|Any CPU.Build.0 = Release|Any CPU
		{E2E3E4F4-2C25-4383-AD98-5B93FBD6154E}.Debug|Any CPU.ActiveCfg = Debug|Any CPU
		{E2E3E4F4-2C25-4383-AD98-5B93FBD6154E}.Debug|Any CPU.Build.0 = Debug|Any CPU
		{E2E3E4F4-2C25-4383-AD98-5B93FBD6154E}.Release|Any CPU.ActiveCfg = Release|Any CPU
		{E2E3E4F4-2C25-4383-AD98-5B93FBD6154E}.Release|Any CPU.Build.0 = Release|Any CPU
		{9C6EB8CA-B1BD-44BA-8D67-229DF4C9777F}.Debug|Any CPU.ActiveCfg = Debug|Any CPU
		{9C6EB8CA-B1BD-44BA-8D67-229DF4C9777F}.Debug|Any CPU.Build.0 = Debug|Any CPU
		{9C6EB8CA-B1BD-44BA-8D67-229DF4C9777F}.Release|Any CPU.ActiveCfg = Release|Any CPU
		{9C6EB8CA-B1BD-44BA-8D67-229DF4C9777F}.Release|Any CPU.Build.0 = Release|Any CPU
	EndGlobalSection
	GlobalSection(SolutionProperties) = preSolution
		HideSolutionNode = FALSE
	EndGlobalSection
	GlobalSection(NestedProjects) = preSolution
		{BD064382-B8A6-4B1F-ABFE-4236BD76A461} = {0C835F58-27FE-42AA-9F16-89A844D1AFAC}
		{6F4E0FC0-ED21-40E6-B1C4-65B0FD83A3F9} = {0C835F58-27FE-42AA-9F16-89A844D1AFAC}
		{3134F72D-B263-4939-93C8-8794A0265AA3} = {0C835F58-27FE-42AA-9F16-89A844D1AFAC}
		{7E552833-F4ED-4C52-9734-58B986C128A4} = {08A7BE36-2535-4F3C-8CF4-D7026C946A07}
		{48358FA1-C673-4FEC-B654-0EC95E1FDBD5} = {08A7BE36-2535-4F3C-8CF4-D7026C946A07}
		{5DB06E93-66B6-4DB6-90CC-5862A1E856E6} = {08A7BE36-2535-4F3C-8CF4-D7026C946A07}
		{3261605E-B1E9-47B4-B988-EE7A50F08598} = {906D3645-98FE-4C75-96C2-B43F22DAEB3E}
		{E2E3E4F4-2C25-4383-AD98-5B93FBD6154E} = {906D3645-98FE-4C75-96C2-B43F22DAEB3E}
		{9C6EB8CA-B1BD-44BA-8D67-229DF4C9777F} = {906D3645-98FE-4C75-96C2-B43F22DAEB3E}
	EndGlobalSection
	GlobalSection(ExtensibilityGlobals) = postSolution
		SolutionGuid = {C1B75DA5-881C-442E-8FAF-4743C81E2F51}
	EndGlobalSection
EndGlobal
